
Microsoft Visual Studio Solution File, Format Version 12.00
# Visual Studio Version 16
VisualStudioVersion = 16.0.30717.126
MinimumVisualStudioVersion = 10.0.40219.1
Project("{FAE04EC0-301F-11D3-BF4B-00C04F79EFBC}") = "otoguncelleme", "otoguncelleme\otoguncelleme.csproj", "{99C2E4B2-70A1-43AE-9348-B01023E728EE}"
EndProject
Global
	GlobalSection(SolutionConfigurationPlatforms) = preSolution
		Debug|Any CPU = Debug|Any CPU
		Release|Any CPU = Release|Any CPU
	EndGlobalSection
	GlobalSection(ProjectConfigurationPlatforms) = postSolution
		{99C2E4B2-70A1-43AE-9348-B01023E728EE}.Debug|Any CPU.ActiveCfg = Debug|Any CPU
		{99C2E4B2-70A1-43AE-9348-B01023E728EE}.Debug|Any CPU.Build.0 = Debug|Any CPU
		{99C2E4B2-70A1-43AE-9348-B01023E728EE}.Release|Any CPU.ActiveCfg = Release|Any CPU
		{99C2E4B2-70A1-43AE-9348-B01023E728EE}.Release|Any CPU.Build.0 = Release|Any CPU
	EndGlobalSection
	GlobalSection(SolutionProperties) = preSolution
		HideSolutionNode = FALSE
	EndGlobalSection
	GlobalSection(ExtensibilityGlobals) = postSolution
		SolutionGuid = {CD9B04BB-BCC1-4461-81EC-A1D053D1E045}
	EndGlobalSection
EndGlobal
